
Microsoft Visual Studio Solution File, Format Version 12.00
# Visual Studio Version 17
VisualStudioVersion = 17.14.36310.24 d17.14
MinimumVisualStudioVersion = 10.0.40219.1
Project("{FAE04EC0-301F-11D3-BF4B-00C04F79EFBC}") = "proyecto1saludo", "proyecto1saludo\proyecto1saludo.csproj", "{826FCD95-5808-4383-AE49-03217CC589EF}"
EndProject
Global
	GlobalSection(SolutionConfigurationPlatforms) = preSolution
		Debug|Any CPU = Debug|Any CPU
		Release|Any CPU = Release|Any CPU
	EndGlobalSection
	GlobalSection(ProjectConfigurationPlatforms) = postSolution
		{826FCD95-5808-4383-AE49-03217CC589EF}.Debug|Any CPU.ActiveCfg = Debug|Any CPU
		{826FCD95-5808-4383-AE49-03217CC589EF}.Debug|Any CPU.Build.0 = Debug|Any CPU
		{826FCD95-5808-4383-AE49-03217CC589EF}.Release|Any CPU.ActiveCfg = Release|Any CPU
		{826FCD95-5808-4383-AE49-03217CC589EF}.Release|Any CPU.Build.0 = Release|Any CPU
	EndGlobalSection
	GlobalSection(SolutionProperties) = preSolution
		HideSolutionNode = FALSE
	EndGlobalSection
	GlobalSection(ExtensibilityGlobals) = postSolution
		SolutionGuid = {4E849351-C247-4383-BB3D-AE77169D74C8}
	EndGlobalSection
EndGlobal
