
Microsoft Visual Studio Solution File, Format Version 12.00
# Visual Studio Version 17
VisualStudioVersion = 17.14.36310.24 d17.14
MinimumVisualStudioVersion = 10.0.40219.1
Project("{FAE04EC0-301F-11D3-BF4B-00C04F79EFBC}") = "Progra IEjercicios Practicos", "Progra IEjercicios Practicos\Progra IEjercicios Practicos.csproj", "{F48BCFA2-D554-415F-84D8-5C6938B435CE}"
EndProject
Global
	GlobalSection(SolutionConfigurationPlatforms) = preSolution
		Debug|Any CPU = Debug|Any CPU
		Release|Any CPU = Release|Any CPU
	EndGlobalSection
	GlobalSection(ProjectConfigurationPlatforms) = postSolution
		{F48BCFA2-D554-415F-84D8-5C6938B435CE}.Debug|Any CPU.ActiveCfg = Debug|Any CPU
		{F48BCFA2-D554-415F-84D8-5C6938B435CE}.Debug|Any CPU.Build.0 = Debug|Any CPU
		{F48BCFA2-D554-415F-84D8-5C6938B435CE}.Release|Any CPU.ActiveCfg = Release|Any CPU
		{F48BCFA2-D554-415F-84D8-5C6938B435CE}.Release|Any CPU.Build.0 = Release|Any CPU
	EndGlobalSection
	GlobalSection(SolutionProperties) = preSolution
		HideSolutionNode = FALSE
	EndGlobalSection
	GlobalSection(ExtensibilityGlobals) = postSolution
		SolutionGuid = {95A8AE55-9BFE-480C-8FE9-7D723FD883FC}
	EndGlobalSection
EndGlobal
