
Microsoft Visual Studio Solution File, Format Version 12.00
# Visual Studio Version 17
VisualStudioVersion = 17.14.36310.24
MinimumVisualStudioVersion = 10.0.40219.1
Project("{FAE04EC0-301F-11D3-BF4B-00C04F79EFBC}") = "Academica", "Academica\Academica.csproj", "{C3312D40-F2F0-4D7A-BD52-EC6BA53B20EE}"
EndProject
Global
	GlobalSection(SolutionConfigurationPlatforms) = preSolution
		Debug|Any CPU = Debug|Any CPU
		Release|Any CPU = Release|Any CPU
	EndGlobalSection
	GlobalSection(ProjectConfigurationPlatforms) = postSolution
		{C3312D40-F2F0-4D7A-BD52-EC6BA53B20EE}.Debug|Any CPU.ActiveCfg = Debug|Any CPU
		{C3312D40-F2F0-4D7A-BD52-EC6BA53B20EE}.Debug|Any CPU.Build.0 = Debug|Any CPU
		{C3312D40-F2F0-4D7A-BD52-EC6BA53B20EE}.Release|Any CPU.ActiveCfg = Release|Any CPU
		{C3312D40-F2F0-4D7A-BD52-EC6BA53B20EE}.Release|Any CPU.Build.0 = Release|Any CPU
	EndGlobalSection
	GlobalSection(SolutionProperties) = preSolution
		HideSolutionNode = FALSE
	EndGlobalSection
	GlobalSection(ExtensibilityGlobals) = postSolution
		SolutionGuid = {456599C0-2217-47E4-98F4-59BBEEF7C5FF}
	EndGlobalSection
EndGlobal
